// !$*UTF8*$!
{
	archiveVersion = 1;
	classes = {
	};
	objectVersion = 46;
	objects = {

/* Begin PBXBuildFile section */
		210EB99BFC9E936844DF83F1 /* Pods_Twitter.framework in Frameworks */ = {isa = PBXBuildFile; fileRef = 825CA1EEB82C308D8894FA99 /* Pods_Twitter.framework */; };
		89202C9A1D24212500EEDF1F /* LoginViewController.swift in Sources */ = {isa = PBXBuildFile; fileRef = 89202C991D24212500EEDF1F /* LoginViewController.swift */; };
		89202C9C1D2430E900EEDF1F /* util.swift in Sources */ = {isa = PBXBuildFile; fileRef = 89202C9B1D2430E900EEDF1F /* util.swift */; };
		89202C9E1D24406000EEDF1F /* FeedViewController.swift in Sources */ = {isa = PBXBuildFile; fileRef = 89202C9D1D24406000EEDF1F /* FeedViewController.swift */; };
		89202CA11D2440C200EEDF1F /* TweetCell.swift in Sources */ = {isa = PBXBuildFile; fileRef = 89202CA01D2440C200EEDF1F /* TweetCell.swift */; };
		89202CA31D24411E00EEDF1F /* ComposeViewController.swift in Sources */ = {isa = PBXBuildFile; fileRef = 89202CA21D24411E00EEDF1F /* ComposeViewController.swift */; };
		89202CA51D24413C00EEDF1F /* DetailsViewController.swift in Sources */ = {isa = PBXBuildFile; fileRef = 89202CA41D24413C00EEDF1F /* DetailsViewController.swift */; };
		89202CA71D24415D00EEDF1F /* ProfileViewController.swift in Sources */ = {isa = PBXBuildFile; fileRef = 89202CA61D24415D00EEDF1F /* ProfileViewController.swift */; };
		89202CA91D2441D200EEDF1F /* SelfViewController.swift in Sources */ = {isa = PBXBuildFile; fileRef = 89202CA81D2441D200EEDF1F /* SelfViewController.swift */; };
		89202CAB1D24423F00EEDF1F /* OtherViewController.swift in Sources */ = {isa = PBXBuildFile; fileRef = 89202CAA1D24423F00EEDF1F /* OtherViewController.swift */; };
		89202CAE1D24445000EEDF1F /* Tweet.swift in Sources */ = {isa = PBXBuildFile; fileRef = 89202CAD1D24445000EEDF1F /* Tweet.swift */; };
		89202CB01D24453600EEDF1F /* User.swift in Sources */ = {isa = PBXBuildFile; fileRef = 89202CAF1D24453600EEDF1F /* User.swift */; };
		89202CB31D245E6400EEDF1F /* TwitterClient.swift in Sources */ = {isa = PBXBuildFile; fileRef = 89202CB21D245E6400EEDF1F /* TwitterClient.swift */; };
		89202CB71D25C51E00EEDF1F /* InfiniteScrollActivityView.swift in Sources */ = {isa = PBXBuildFile; fileRef = 89202CB61D25C51E00EEDF1F /* InfiniteScrollActivityView.swift */; };
		89C6F7281D23BD7E0079FA19 /* AppDelegate.swift in Sources */ = {isa = PBXBuildFile; fileRef = 89C6F7271D23BD7E0079FA19 /* AppDelegate.swift */; };
		89C6F72D1D23BD7E0079FA19 /* Main.storyboard in Resources */ = {isa = PBXBuildFile; fileRef = 89C6F72B1D23BD7E0079FA19 /* Main.storyboard */; };
		89C6F72F1D23BD7E0079FA19 /* Assets.xcassets in Resources */ = {isa = PBXBuildFile; fileRef = 89C6F72E1D23BD7E0079FA19 /* Assets.xcassets */; };
		89C6F7321D23BD7E0079FA19 /* LaunchScreen.storyboard in Resources */ = {isa = PBXBuildFile; fileRef = 89C6F7301D23BD7E0079FA19 /* LaunchScreen.storyboard */; };
/* End PBXBuildFile section */

/* Begin PBXFileReference section */
		825CA1EEB82C308D8894FA99 /* Pods_Twitter.framework */ = {isa = PBXFileReference; explicitFileType = wrapper.framework; includeInIndex = 0; path = Pods_Twitter.framework; sourceTree = BUILT_PRODUCTS_DIR; };
		89202C991D24212500EEDF1F /* LoginViewController.swift */ = {isa = PBXFileReference; fileEncoding = 4; lastKnownFileType = sourcecode.swift; path = LoginViewController.swift; sourceTree = "<group>"; };
		89202C9B1D2430E900EEDF1F /* util.swift */ = {isa = PBXFileReference; fileEncoding = 4; lastKnownFileType = sourcecode.swift; path = util.swift; sourceTree = "<group>"; };
		89202C9D1D24406000EEDF1F /* FeedViewController.swift */ = {isa = PBXFileReference; fileEncoding = 4; lastKnownFileType = sourcecode.swift; path = FeedViewController.swift; sourceTree = "<group>"; };
		89202CA01D2440C200EEDF1F /* TweetCell.swift */ = {isa = PBXFileReference; fileEncoding = 4; lastKnownFileType = sourcecode.swift; path = TweetCell.swift; sourceTree = "<group>"; };
		89202CA21D24411E00EEDF1F /* ComposeViewController.swift */ = {isa = PBXFileReference; fileEncoding = 4; lastKnownFileType = sourcecode.swift; path = ComposeViewController.swift; sourceTree = "<group>"; };
		89202CA41D24413C00EEDF1F /* DetailsViewController.swift */ = {isa = PBXFileReference; fileEncoding = 4; lastKnownFileType = sourcecode.swift; path = DetailsViewController.swift; sourceTree = "<group>"; };
		89202CA61D24415D00EEDF1F /* ProfileViewController.swift */ = {isa = PBXFileReference; fileEncoding = 4; lastKnownFileType = sourcecode.swift; path = ProfileViewController.swift; sourceTree = "<group>"; };
		89202CA81D2441D200EEDF1F /* SelfViewController.swift */ = {isa = PBXFileReference; fileEncoding = 4; lastKnownFileType = sourcecode.swift; path = SelfViewController.swift; sourceTree = "<group>"; };
		89202CAA1D24423F00EEDF1F /* OtherViewController.swift */ = {isa = PBXFileReference; fileEncoding = 4; lastKnownFileType = sourcecode.swift; path = OtherViewController.swift; sourceTree = "<group>"; };
		89202CAD1D24445000EEDF1F /* Tweet.swift */ = {isa = PBXFileReference; fileEncoding = 4; lastKnownFileType = sourcecode.swift; path = Tweet.swift; sourceTree = "<group>"; };
		89202CAF1D24453600EEDF1F /* User.swift */ = {isa = PBXFileReference; fileEncoding = 4; lastKnownFileType = sourcecode.swift; path = User.swift; sourceTree = "<group>"; };
		89202CB21D245E6400EEDF1F /* TwitterClient.swift */ = {isa = PBXFileReference; fileEncoding = 4; lastKnownFileType = sourcecode.swift; path = TwitterClient.swift; sourceTree = "<group>"; };
		89202CB61D25C51E00EEDF1F /* InfiniteScrollActivityView.swift */ = {isa = PBXFileReference; fileEncoding = 4; lastKnownFileType = sourcecode.swift; path = InfiniteScrollActivityView.swift; sourceTree = "<group>"; };
		89C6F7241D23BD7E0079FA19 /* Twitter.app */ = {isa = PBXFileReference; explicitFileType = wrapper.application; includeInIndex = 0; path = Twitter.app; sourceTree = BUILT_PRODUCTS_DIR; };
		89C6F7271D23BD7E0079FA19 /* AppDelegate.swift */ = {isa = PBXFileReference; lastKnownFileType = sourcecode.swift; path = AppDelegate.swift; sourceTree = "<group>"; };
		89C6F72C1D23BD7E0079FA19 /* Base */ = {isa = PBXFileReference; lastKnownFileType = file.storyboard; name = Base; path = Base.lproj/Main.storyboard; sourceTree = "<group>"; };
		89C6F72E1D23BD7E0079FA19 /* Assets.xcassets */ = {isa = PBXFileReference; lastKnownFileType = folder.assetcatalog; path = Assets.xcassets; sourceTree = "<group>"; };
		89C6F7311D23BD7E0079FA19 /* Base */ = {isa = PBXFileReference; lastKnownFileType = file.storyboard; name = Base; path = Base.lproj/LaunchScreen.storyboard; sourceTree = "<group>"; };
		89C6F7331D23BD7E0079FA19 /* Info.plist */ = {isa = PBXFileReference; lastKnownFileType = text.plist.xml; path = Info.plist; sourceTree = "<group>"; };
		9DC9CC7D651B308A59E56900 /* Pods-Twitter.release.xcconfig */ = {isa = PBXFileReference; includeInIndex = 1; lastKnownFileType = text.xcconfig; name = "Pods-Twitter.release.xcconfig"; path = "Pods/Target Support Files/Pods-Twitter/Pods-Twitter.release.xcconfig"; sourceTree = "<group>"; };
		B5F2E643EEF5CC420C11AB74 /* Pods-Twitter.debug.xcconfig */ = {isa = PBXFileReference; includeInIndex = 1; lastKnownFileType = text.xcconfig; name = "Pods-Twitter.debug.xcconfig"; path = "Pods/Target Support Files/Pods-Twitter/Pods-Twitter.debug.xcconfig"; sourceTree = "<group>"; };
/* End PBXFileReference section */

/* Begin PBXFrameworksBuildPhase section */
		89C6F7211D23BD7E0079FA19 /* Frameworks */ = {
			isa = PBXFrameworksBuildPhase;
			buildActionMask = 2147483647;
			files = (
				210EB99BFC9E936844DF83F1 /* Pods_Twitter.framework in Frameworks */,
			);
			runOnlyForDeploymentPostprocessing = 0;
		};
/* End PBXFrameworksBuildPhase section */

/* Begin PBXGroup section */
		89202C981D24210A00EEDF1F /* ViewControllers */ = {
			isa = PBXGroup;
			children = (
				89202C991D24212500EEDF1F /* LoginViewController.swift */,
				89202C9D1D24406000EEDF1F /* FeedViewController.swift */,
				89202CA21D24411E00EEDF1F /* ComposeViewController.swift */,
				89202CA41D24413C00EEDF1F /* DetailsViewController.swift */,
				89202CA61D24415D00EEDF1F /* ProfileViewController.swift */,
				89202CA81D2441D200EEDF1F /* SelfViewController.swift */,
				89202CAA1D24423F00EEDF1F /* OtherViewController.swift */,
			);
			name = ViewControllers;
			sourceTree = "<group>";
		};
		89202C9F1D2440AC00EEDF1F /* Views */ = {
			isa = PBXGroup;
			children = (
				89202CA01D2440C200EEDF1F /* TweetCell.swift */,
				89202CB61D25C51E00EEDF1F /* InfiniteScrollActivityView.swift */,
			);
			name = Views;
			sourceTree = "<group>";
		};
		89202CAC1D24444500EEDF1F /* Models */ = {
			isa = PBXGroup;
			children = (
				89202CAD1D24445000EEDF1F /* Tweet.swift */,
				89202CAF1D24453600EEDF1F /* User.swift */,
			);
			name = Models;
			sourceTree = "<group>";
		};
		89202CB11D245E5100EEDF1F /* APIs */ = {
			isa = PBXGroup;
			children = (
				89202CB21D245E6400EEDF1F /* TwitterClient.swift */,
			);
			name = APIs;
			sourceTree = "<group>";
		};
		89C6F71B1D23BD7E0079FA19 = {
			isa = PBXGroup;
			children = (
				89C6F7261D23BD7E0079FA19 /* Twitter */,
				89C6F7251D23BD7E0079FA19 /* Products */,
				B1446C66D5003D087F52456D /* Pods */,
				8E3143486378D9B83FA2FF39 /* Frameworks */,
			);
			sourceTree = "<group>";
		};
		89C6F7251D23BD7E0079FA19 /* Products */ = {
			isa = PBXGroup;
			children = (
				89C6F7241D23BD7E0079FA19 /* Twitter.app */,
			);
			name = Products;
			sourceTree = "<group>";
		};
		89C6F7261D23BD7E0079FA19 /* Twitter */ = {
			isa = PBXGroup;
			children = (
				89202CB11D245E5100EEDF1F /* APIs */,
				89202CAC1D24444500EEDF1F /* Models */,
				89202C9F1D2440AC00EEDF1F /* Views */,
				89202C981D24210A00EEDF1F /* ViewControllers */,
				89C6F7271D23BD7E0079FA19 /* AppDelegate.swift */,
				89C6F72B1D23BD7E0079FA19 /* Main.storyboard */,
				89C6F72E1D23BD7E0079FA19 /* Assets.xcassets */,
				89C6F7301D23BD7E0079FA19 /* LaunchScreen.storyboard */,
				89C6F7331D23BD7E0079FA19 /* Info.plist */,
				89202C9B1D2430E900EEDF1F /* util.swift */,
			);
			path = Twitter;
			sourceTree = "<group>";
		};
		8E3143486378D9B83FA2FF39 /* Frameworks */ = {
			isa = PBXGroup;
			children = (
				825CA1EEB82C308D8894FA99 /* Pods_Twitter.framework */,
			);
			name = Frameworks;
			sourceTree = "<group>";
		};
		B1446C66D5003D087F52456D /* Pods */ = {
			isa = PBXGroup;
			children = (
				B5F2E643EEF5CC420C11AB74 /* Pods-Twitter.debug.xcconfig */,
				9DC9CC7D651B308A59E56900 /* Pods-Twitter.release.xcconfig */,
			);
			name = Pods;
			sourceTree = "<group>";
		};
/* End PBXGroup section */

/* Begin PBXNativeTarget section */
		89C6F7231D23BD7E0079FA19 /* Twitter */ = {
			isa = PBXNativeTarget;
			buildConfigurationList = 89C6F7361D23BD7E0079FA19 /* Build configuration list for PBXNativeTarget "Twitter" */;
			buildPhases = (
				1B666ED0D5C04E18237AD075 /* [CP] Check Pods Manifest.lock */,
				89C6F7201D23BD7E0079FA19 /* Sources */,
				89C6F7211D23BD7E0079FA19 /* Frameworks */,
				89C6F7221D23BD7E0079FA19 /* Resources */,
				AB06AFAE508D71A02FEEEB67 /* [CP] Embed Pods Frameworks */,
				10D661FE09D4F1CBE35D61A9 /* [CP] Copy Pods Resources */,
			);
			buildRules = (
			);
			dependencies = (
			);
			name = Twitter;
			productName = Twitter;
			productReference = 89C6F7241D23BD7E0079FA19 /* Twitter.app */;
			productType = "com.apple.product-type.application";
		};
/* End PBXNativeTarget section */

/* Begin PBXProject section */
		89C6F71C1D23BD7E0079FA19 /* Project object */ = {
			isa = PBXProject;
			attributes = {
				LastSwiftUpdateCheck = 0730;
				LastUpgradeCheck = 0730;
				ORGANIZATIONNAME = "Yijin Kang";
				TargetAttributes = {
					89C6F7231D23BD7E0079FA19 = {
						CreatedOnToolsVersion = 7.3.1;
					};
				};
			};
			buildConfigurationList = 89C6F71F1D23BD7E0079FA19 /* Build configuration list for PBXProject "Twitter" */;
			compatibilityVersion = "Xcode 3.2";
			developmentRegion = English;
			hasScannedForEncodings = 0;
			knownRegions = (
				en,
				Base,
			);
			mainGroup = 89C6F71B1D23BD7E0079FA19;
			productRefGroup = 89C6F7251D23BD7E0079FA19 /* Products */;
			projectDirPath = "";
			projectRoot = "";
			targets = (
				89C6F7231D23BD7E0079FA19 /* Twitter */,
			);
		};
/* End PBXProject section */

/* Begin PBXResourcesBuildPhase section */
		89C6F7221D23BD7E0079FA19 /* Resources */ = {
			isa = PBXResourcesBuildPhase;
			buildActionMask = 2147483647;
			files = (
				89C6F7321D23BD7E0079FA19 /* LaunchScreen.storyboard in Resources */,
				89C6F72F1D23BD7E0079FA19 /* Assets.xcassets in Resources */,
				89C6F72D1D23BD7E0079FA19 /* Main.storyboard in Resources */,
			);
			runOnlyForDeploymentPostprocessing = 0;
		};
/* End PBXResourcesBuildPhase section */

/* Begin PBXShellScriptBuildPhase section */
		10D661FE09D4F1CBE35D61A9 /* [CP] Copy Pods Resources */ = {
			isa = PBXShellScriptBuildPhase;
			buildActionMask = 2147483647;
			files = (
			);
			inputPaths = (
			);
			name = "[CP] Copy Pods Resources";
			outputPaths = (
			);
			runOnlyForDeploymentPostprocessing = 0;
			shellPath = /bin/sh;
			shellScript = "\"${SRCROOT}/Pods/Target Support Files/Pods-Twitter/Pods-Twitter-resources.sh\"\n";
			showEnvVarsInLog = 0;
		};
		1B666ED0D5C04E18237AD075 /* [CP] Check Pods Manifest.lock */ = {
			isa = PBXShellScriptBuildPhase;
			buildActionMask = 2147483647;
			files = (
			);
			inputPaths = (
			);
			name = "[CP] Check Pods Manifest.lock";
			outputPaths = (
			);
			runOnlyForDeploymentPostprocessing = 0;
			shellPath = /bin/sh;
			shellScript = "diff \"${PODS_ROOT}/../Podfile.lock\" \"${PODS_ROOT}/Manifest.lock\" > /dev/null\nif [[ $? != 0 ]] ; then\n    cat << EOM\nerror: The sandbox is not in sync with the Podfile.lock. Run 'pod install' or update your CocoaPods installation.\nEOM\n    exit 1\nfi\n";
			showEnvVarsInLog = 0;
		};
		AB06AFAE508D71A02FEEEB67 /* [CP] Embed Pods Frameworks */ = {
			isa = PBXShellScriptBuildPhase;
			buildActionMask = 2147483647;
			files = (
			);
			inputPaths = (
			);
			name = "[CP] Embed Pods Frameworks";
			outputPaths = (
			);
			runOnlyForDeploymentPostprocessing = 0;
			shellPath = /bin/sh;
			shellScript = "\"${SRCROOT}/Pods/Target Support Files/Pods-Twitter/Pods-Twitter-frameworks.sh\"\n";
			showEnvVarsInLog = 0;
		};
/* End PBXShellScriptBuildPhase section */

/* Begin PBXSourcesBuildPhase section */
		89C6F7201D23BD7E0079FA19 /* Sources */ = {
			isa = PBXSourcesBuildPhase;
			buildActionMask = 2147483647;
			files = (
				89202C9C1D2430E900EEDF1F /* util.swift in Sources */,
				89202CB01D24453600EEDF1F /* User.swift in Sources */,
				89202C9A1D24212500EEDF1F /* LoginViewController.swift in Sources */,
				89202CA11D2440C200EEDF1F /* TweetCell.swift in Sources */,
				89202CA31D24411E00EEDF1F /* ComposeViewController.swift in Sources */,
				89202CA91D2441D200EEDF1F /* SelfViewController.swift in Sources */,
				89202CB31D245E6400EEDF1F /* TwitterClient.swift in Sources */,
				89202CA51D24413C00EEDF1F /* DetailsViewController.swift in Sources */,
				89202CB71D25C51E00EEDF1F /* InfiniteScrollActivityView.swift in Sources */,
				89202C9E1D24406000EEDF1F /* FeedViewController.swift in Sources */,
				89202CA71D24415D00EEDF1F /* ProfileViewController.swift in Sources */,
				89C6F7281D23BD7E0079FA19 /* AppDelegate.swift in Sources */,
				89202CAB1D24423F00EEDF1F /* OtherViewController.swift in Sources */,
				89202CAE1D24445000EEDF1F /* Tweet.swift in Sources */,
			);
			runOnlyForDeploymentPostprocessing = 0;
		};
/* End PBXSourcesBuildPhase section */

/* Begin PBXVariantGroup section */
		89C6F72B1D23BD7E0079FA19 /* Main.storyboard */ = {
			isa = PBXVariantGroup;
			children = (
				89C6F72C1D23BD7E0079FA19 /* Base */,
			);
			name = Main.storyboard;
			sourceTree = "<group>";
		};
		89C6F7301D23BD7E0079FA19 /* LaunchScreen.storyboard */ = {
			isa = PBXVariantGroup;
			children = (
				89C6F7311D23BD7E0079FA19 /* Base */,
			);
			name = LaunchScreen.storyboard;
			sourceTree = "<group>";
		};
/* End PBXVariantGroup section */

/* Begin XCBuildConfiguration section */
		89C6F7341D23BD7E0079FA19 /* Debug */ = {
			isa = XCBuildConfiguration;
			buildSettings = {
				ALWAYS_SEARCH_USER_PATHS = NO;
				CLANG_ANALYZER_NONNULL = YES;
				CLANG_CXX_LANGUAGE_STANDARD = "gnu++0x";
				CLANG_CXX_LIBRARY = "libc++";
				CLANG_ENABLE_MODULES = YES;
				CLANG_ENABLE_OBJC_ARC = YES;
				CLANG_WARN_BOOL_CONVERSION = YES;
				CLANG_WARN_CONSTANT_CONVERSION = YES;
				CLANG_WARN_DIRECT_OBJC_ISA_USAGE = YES_ERROR;
				CLANG_WARN_EMPTY_BODY = YES;
				CLANG_WARN_ENUM_CONVERSION = YES;
				CLANG_WARN_INT_CONVERSION = YES;
				CLANG_WARN_OBJC_ROOT_CLASS = YES_ERROR;
				CLANG_WARN_UNREACHABLE_CODE = YES;
				CLANG_WARN__DUPLICATE_METHOD_MATCH = YES;
				"CODE_SIGN_IDENTITY[sdk=iphoneos*]" = "iPhone Developer";
				COPY_PHASE_STRIP = NO;
				DEBUG_INFORMATION_FORMAT = dwarf;
				ENABLE_STRICT_OBJC_MSGSEND = YES;
				ENABLE_TESTABILITY = YES;
				GCC_C_LANGUAGE_STANDARD = gnu99;
				GCC_DYNAMIC_NO_PIC = NO;
				GCC_NO_COMMON_BLOCKS = YES;
				GCC_OPTIMIZATION_LEVEL = 0;
				GCC_PREPROCESSOR_DEFINITIONS = (
					"DEBUG=1",
					"$(inherited)",
				);
				GCC_WARN_64_TO_32_BIT_CONVERSION = YES;
				GCC_WARN_ABOUT_RETURN_TYPE = YES_ERROR;
				GCC_WARN_UNDECLARED_SELECTOR = YES;
				GCC_WARN_UNINITIALIZED_AUTOS = YES_AGGRESSIVE;
				GCC_WARN_UNUSED_FUNCTION = YES;
				GCC_WARN_UNUSED_VARIABLE = YES;
				IPHONEOS_DEPLOYMENT_TARGET = 9.3;
				MTL_ENABLE_DEBUG_INFO = YES;
				ONLY_ACTIVE_ARCH = YES;
				SDKROOT = iphoneos;
				SWIFT_OPTIMIZATION_LEVEL = "-Onone";
			};
			name = Debug;
		};
		89C6F7351D23BD7E0079FA19 /* Release */ = {
			isa = XCBuildConfiguration;
			buildSettings = {
				ALWAYS_SEARCH_USER_PATHS = NO;
				CLANG_ANALYZER_NONNULL = YES;
				CLANG_CXX_LANGUAGE_STANDARD = "gnu++0x";
				CLANG_CXX_LIBRARY = "libc++";
				CLANG_ENABLE_MODULES = YES;
				CLANG_ENABLE_OBJC_ARC = YES;
				CLANG_WARN_BOOL_CONVERSION = YES;
				CLANG_WARN_CONSTANT_CONVERSION = YES;
				CLANG_WARN_DIRECT_OBJC_ISA_USAGE = YES_ERROR;
				CLANG_WARN_EMPTY_BODY = YES;
				CLANG_WARN_ENUM_CONVERSION = YES;
				CLANG_WARN_INT_CONVERSION = YES;
				CLANG_WARN_OBJC_ROOT_CLASS = YES_ERROR;
				CLANG_WARN_UNREACHABLE_CODE = YES;
				CLANG_WARN__DUPLICATE_METHOD_MATCH = YES;
				"CODE_SIGN_IDENTITY[sdk=iphoneos*]" = "iPhone Developer";
				COPY_PHASE_STRIP = NO;
				DEBUG_INFORMATION_FORMAT = "dwarf-with-dsym";
				ENABLE_NS_ASSERTIONS = NO;
				ENABLE_STRICT_OBJC_MSGSEND = YES;
				GCC_C_LANGUAGE_STANDARD = gnu99;
				GCC_NO_COMMON_BLOCKS = YES;
				GCC_WARN_64_TO_32_BIT_CONVERSION = YES;
				GCC_WARN_ABOUT_RETURN_TYPE = YES_ERROR;
				GCC_WARN_UNDECLARED_SELECTOR = YES;
				GCC_WARN_UNINITIALIZED_AUTOS = YES_AGGRESSIVE;
				GCC_WARN_UNUSED_FUNCTION = YES;
				GCC_WARN_UNUSED_VARIABLE = YES;
				IPHONEOS_DEPLOYMENT_TARGET = 9.3;
				MTL_ENABLE_DEBUG_INFO = NO;
				SDKROOT = iphoneos;
				VALIDATE_PRODUCT = YES;
			};
			name = Release;
		};
		89C6F7371D23BD7E0079FA19 /* Debug */ = {
			isa = XCBuildConfiguration;
			baseConfigurationReference = B5F2E643EEF5CC420C11AB74 /* Pods-Twitter.debug.xcconfig */;
			buildSettings = {
				ASSETCATALOG_COMPILER_APPICON_NAME = AppIcon;
				INFOPLIST_FILE = Twitter/Info.plist;
				LD_RUNPATH_SEARCH_PATHS = "$(inherited) @executable_path/Frameworks";
				PRODUCT_BUNDLE_IDENTIFIER = FBUCodePath.Twitter;
				PRODUCT_NAME = "$(TARGET_NAME)";
			};
			name = Debug;
		};
		89C6F7381D23BD7E0079FA19 /* Release */ = {
			isa = XCBuildConfiguration;
			baseConfigurationReference = 9DC9CC7D651B308A59E56900 /* Pods-Twitter.release.xcconfig */;
			buildSettings = {
				ASSETCATALOG_COMPILER_APPICON_NAME = AppIcon;
				INFOPLIST_FILE = Twitter/Info.plist;
				LD_RUNPATH_SEARCH_PATHS = "$(inherited) @executable_path/Frameworks";
				PRODUCT_BUNDLE_IDENTIFIER = FBUCodePath.Twitter;
				PRODUCT_NAME = "$(TARGET_NAME)";
			};
			name = Release;
		};
/* End XCBuildConfiguration section */

/* Begin XCConfigurationList section */
		89C6F71F1D23BD7E0079FA19 /* Build configuration list for PBXProject "Twitter" */ = {
			isa = XCConfigurationList;
			buildConfigurations = (
				89C6F7341D23BD7E0079FA19 /* Debug */,
				89C6F7351D23BD7E0079FA19 /* Release */,
			);
			defaultConfigurationIsVisible = 0;
			defaultConfigurationName = Release;
		};
		89C6F7361D23BD7E0079FA19 /* Build configuration list for PBXNativeTarget "Twitter" */ = {
			isa = XCConfigurationList;
			buildConfigurations = (
				89C6F7371D23BD7E0079FA19 /* Debug */,
				89C6F7381D23BD7E0079FA19 /* Release */,
			);
			defaultConfigurationIsVisible = 0;
			defaultConfigurationName = Release;
		};
/* End XCConfigurationList section */
	};
	rootObject = 89C6F71C1D23BD7E0079FA19 /* Project object */;
}
